// !$*UTF8*$!
{
	archiveVersion = 1;
	classes = {
	};
	objectVersion = 48;
	objects = {

/* Begin PBXBuildFile section */
		B186574E211BD1450042C917 /* SongDetail.swift in Sources */ = {isa = PBXBuildFile; fileRef = B186574D211BD1450042C917 /* SongDetail.swift */; };
		B1865750211BD2720042C917 /* SongsManager.swift in Sources */ = {isa = PBXBuildFile; fileRef = B186574F211BD2720042C917 /* SongsManager.swift */; };
		B1D5A270211BB4EB007EA291 /* SongListTableViewCell.swift in Sources */ = {isa = PBXBuildFile; fileRef = B1D5A26F211BB4EB007EA291 /* SongListTableViewCell.swift */; };
		B1E4CBF2211BEB69000CBBE5 /* Styles.swift in Sources */ = {isa = PBXBuildFile; fileRef = B1E4CBF1211BEB69000CBBE5 /* Styles.swift */; };
		B1E4CBF8211CA17D000CBBE5 /* Extensions.swift in Sources */ = {isa = PBXBuildFile; fileRef = B1E4CBF7211CA17D000CBBE5 /* Extensions.swift */; };
		B1F29F27211BB00D00D90AB8 /* AppDelegate.swift in Sources */ = {isa = PBXBuildFile; fileRef = B1F29F26211BB00D00D90AB8 /* AppDelegate.swift */; };
		B1F29F29211BB00D00D90AB8 /* SongsListViewController.swift in Sources */ = {isa = PBXBuildFile; fileRef = B1F29F28211BB00D00D90AB8 /* SongsListViewController.swift */; };
		B1F29F2E211BB00D00D90AB8 /* Assets.xcassets in Resources */ = {isa = PBXBuildFile; fileRef = B1F29F2D211BB00D00D90AB8 /* Assets.xcassets */; };
		B1F29F3C211BB00D00D90AB8 /* PickerTests.swift in Sources */ = {isa = PBXBuildFile; fileRef = B1F29F3B211BB00D00D90AB8 /* PickerTests.swift */; };
		B1F29F47211BB00D00D90AB8 /* PickerUITests.swift in Sources */ = {isa = PBXBuildFile; fileRef = B1F29F46211BB00D00D90AB8 /* PickerUITests.swift */; };
/* End PBXBuildFile section */

/* Begin PBXContainerItemProxy section */
		B1F29F38211BB00D00D90AB8 /* PBXContainerItemProxy */ = {
			isa = PBXContainerItemProxy;
			containerPortal = B1F29F1B211BB00D00D90AB8 /* Project object */;
			proxyType = 1;
			remoteGlobalIDString = B1F29F22211BB00D00D90AB8;
			remoteInfo = Picker;
		};
		B1F29F43211BB00D00D90AB8 /* PBXContainerItemProxy */ = {
			isa = PBXContainerItemProxy;
			containerPortal = B1F29F1B211BB00D00D90AB8 /* Project object */;
			proxyType = 1;
			remoteGlobalIDString = B1F29F22211BB00D00D90AB8;
			remoteInfo = Picker;
		};
/* End PBXContainerItemProxy section */

/* Begin PBXFileReference section */
		B186574D211BD1450042C917 /* SongDetail.swift */ = {isa = PBXFileReference; lastKnownFileType = sourcecode.swift; path = SongDetail.swift; sourceTree = "<group>"; };
		B186574F211BD2720042C917 /* SongsManager.swift */ = {isa = PBXFileReference; lastKnownFileType = sourcecode.swift; path = SongsManager.swift; sourceTree = "<group>"; };
		B1D5A26F211BB4EB007EA291 /* SongListTableViewCell.swift */ = {isa = PBXFileReference; lastKnownFileType = sourcecode.swift; path = SongListTableViewCell.swift; sourceTree = "<group>"; };
		B1E4CBF1211BEB69000CBBE5 /* Styles.swift */ = {isa = PBXFileReference; lastKnownFileType = sourcecode.swift; path = Styles.swift; sourceTree = "<group>"; };
		B1E4CBF7211CA17D000CBBE5 /* Extensions.swift */ = {isa = PBXFileReference; lastKnownFileType = sourcecode.swift; path = Extensions.swift; sourceTree = "<group>"; };
		B1F29F23211BB00D00D90AB8 /* Picker.app */ = {isa = PBXFileReference; explicitFileType = wrapper.application; includeInIndex = 0; path = Picker.app; sourceTree = BUILT_PRODUCTS_DIR; };
		B1F29F26211BB00D00D90AB8 /* AppDelegate.swift */ = {isa = PBXFileReference; lastKnownFileType = sourcecode.swift; path = AppDelegate.swift; sourceTree = "<group>"; };
		B1F29F28211BB00D00D90AB8 /* SongsListViewController.swift */ = {isa = PBXFileReference; lastKnownFileType = sourcecode.swift; path = SongsListViewController.swift; sourceTree = "<group>"; };
		B1F29F2D211BB00D00D90AB8 /* Assets.xcassets */ = {isa = PBXFileReference; lastKnownFileType = folder.assetcatalog; path = Assets.xcassets; sourceTree = "<group>"; };
		B1F29F32211BB00D00D90AB8 /* Info.plist */ = {isa = PBXFileReference; lastKnownFileType = text.plist.xml; path = Info.plist; sourceTree = "<group>"; };
		B1F29F37211BB00D00D90AB8 /* PickerTests.xctest */ = {isa = PBXFileReference; explicitFileType = wrapper.cfbundle; includeInIndex = 0; path = PickerTests.xctest; sourceTree = BUILT_PRODUCTS_DIR; };
		B1F29F3B211BB00D00D90AB8 /* PickerTests.swift */ = {isa = PBXFileReference; lastKnownFileType = sourcecode.swift; path = PickerTests.swift; sourceTree = "<group>"; };
		B1F29F3D211BB00D00D90AB8 /* Info.plist */ = {isa = PBXFileReference; lastKnownFileType = text.plist.xml; path = Info.plist; sourceTree = "<group>"; };
		B1F29F42211BB00D00D90AB8 /* PickerUITests.xctest */ = {isa = PBXFileReference; explicitFileType = wrapper.cfbundle; includeInIndex = 0; path = PickerUITests.xctest; sourceTree = BUILT_PRODUCTS_DIR; };
		B1F29F46211BB00D00D90AB8 /* PickerUITests.swift */ = {isa = PBXFileReference; lastKnownFileType = sourcecode.swift; path = PickerUITests.swift; sourceTree = "<group>"; };
		B1F29F48211BB00D00D90AB8 /* Info.plist */ = {isa = PBXFileReference; lastKnownFileType = text.plist.xml; path = Info.plist; sourceTree = "<group>"; };
/* End PBXFileReference section */

/* Begin PBXFrameworksBuildPhase section */
		B1F29F20211BB00D00D90AB8 /* Frameworks */ = {
			isa = PBXFrameworksBuildPhase;
			buildActionMask = 2147483647;
			files = (
			);
			runOnlyForDeploymentPostprocessing = 0;
		};
		B1F29F34211BB00D00D90AB8 /* Frameworks */ = {
			isa = PBXFrameworksBuildPhase;
			buildActionMask = 2147483647;
			files = (
			);
			runOnlyForDeploymentPostprocessing = 0;
		};
		B1F29F3F211BB00D00D90AB8 /* Frameworks */ = {
			isa = PBXFrameworksBuildPhase;
			buildActionMask = 2147483647;
			files = (
			);
			runOnlyForDeploymentPostprocessing = 0;
		};
/* End PBXFrameworksBuildPhase section */

/* Begin PBXGroup section */
		B1E4CBF3211BF367000CBBE5 /* Controller */ = {
			isa = PBXGroup;
			children = (
				B1F29F28211BB00D00D90AB8 /* SongsListViewController.swift */,
			);
			path = Controller;
			sourceTree = "<group>";
		};
		B1E4CBF4211BF398000CBBE5 /* View */ = {
			isa = PBXGroup;
			children = (
				B1D5A26F211BB4EB007EA291 /* SongListTableViewCell.swift */,
			);
			path = View;
			sourceTree = "<group>";
		};
		B1E4CBF5211BF3B4000CBBE5 /* Model */ = {
			isa = PBXGroup;
			children = (
				B186574D211BD1450042C917 /* SongDetail.swift */,
			);
			path = Model;
			sourceTree = "<group>";
		};
		B1E4CBF6211BF3C5000CBBE5 /* Utilities */ = {
			isa = PBXGroup;
			children = (
				B1E4CBF1211BEB69000CBBE5 /* Styles.swift */,
				B1E4CBF7211CA17D000CBBE5 /* Extensions.swift */,
			);
			path = Utilities;
			sourceTree = "<group>";
		};
		B1E4CBF9211CA494000CBBE5 /* Service */ = {
			isa = PBXGroup;
			children = (
				B186574F211BD2720042C917 /* SongsManager.swift */,
			);
			path = Service;
			sourceTree = "<group>";
		};
		B1F29F1A211BB00D00D90AB8 = {
			isa = PBXGroup;
			children = (
				B1F29F25211BB00D00D90AB8 /* Picker */,
				B1F29F3A211BB00D00D90AB8 /* PickerTests */,
				B1F29F45211BB00D00D90AB8 /* PickerUITests */,
				B1F29F24211BB00D00D90AB8 /* Products */,
			);
			sourceTree = "<group>";
		};
		B1F29F24211BB00D00D90AB8 /* Products */ = {
			isa = PBXGroup;
			children = (
				B1F29F23211BB00D00D90AB8 /* Picker.app */,
				B1F29F37211BB00D00D90AB8 /* PickerTests.xctest */,
				B1F29F42211BB00D00D90AB8 /* PickerUITests.xctest */,
			);
			name = Products;
			sourceTree = "<group>";
		};
		B1F29F25211BB00D00D90AB8 /* Picker */ = {
			isa = PBXGroup;
			children = (
				B1F29F26211BB00D00D90AB8 /* AppDelegate.swift */,
				B1E4CBF3211BF367000CBBE5 /* Controller */,
				B1E4CBF9211CA494000CBBE5 /* Service */,
				B1E4CBF4211BF398000CBBE5 /* View */,
				B1E4CBF5211BF3B4000CBBE5 /* Model */,
				B1E4CBF6211BF3C5000CBBE5 /* Utilities */,
				B1F29F2D211BB00D00D90AB8 /* Assets.xcassets */,
				B1F29F32211BB00D00D90AB8 /* Info.plist */,
			);
			path = Picker;
			sourceTree = "<group>";
		};
		B1F29F3A211BB00D00D90AB8 /* PickerTests */ = {
			isa = PBXGroup;
			children = (
				B1F29F3B211BB00D00D90AB8 /* PickerTests.swift */,
				B1F29F3D211BB00D00D90AB8 /* Info.plist */,
			);
			path = PickerTests;
			sourceTree = "<group>";
		};
		B1F29F45211BB00D00D90AB8 /* PickerUITests */ = {
			isa = PBXGroup;
			children = (
				B1F29F46211BB00D00D90AB8 /* PickerUITests.swift */,
				B1F29F48211BB00D00D90AB8 /* Info.plist */,
			);
			path = PickerUITests;
			sourceTree = "<group>";
		};
/* End PBXGroup section */

/* Begin PBXNativeTarget section */
		B1F29F22211BB00D00D90AB8 /* Picker */ = {
			isa = PBXNativeTarget;
			buildConfigurationList = B1F29F4B211BB00D00D90AB8 /* Build configuration list for PBXNativeTarget "Picker" */;
			buildPhases = (
				B1F29F1F211BB00D00D90AB8 /* Sources */,
				B1F29F20211BB00D00D90AB8 /* Frameworks */,
				B1F29F21211BB00D00D90AB8 /* Resources */,
			);
			buildRules = (
			);
			dependencies = (
			);
			name = Picker;
			productName = Picker;
			productReference = B1F29F23211BB00D00D90AB8 /* Picker.app */;
			productType = "com.apple.product-type.application";
		};
		B1F29F36211BB00D00D90AB8 /* PickerTests */ = {
			isa = PBXNativeTarget;
			buildConfigurationList = B1F29F4E211BB00D00D90AB8 /* Build configuration list for PBXNativeTarget "PickerTests" */;
			buildPhases = (
				B1F29F33211BB00D00D90AB8 /* Sources */,
				B1F29F34211BB00D00D90AB8 /* Frameworks */,
				B1F29F35211BB00D00D90AB8 /* Resources */,
			);
			buildRules = (
			);
			dependencies = (
				B1F29F39211BB00D00D90AB8 /* PBXTargetDependency */,
			);
			name = PickerTests;
			productName = PickerTests;
			productReference = B1F29F37211BB00D00D90AB8 /* PickerTests.xctest */;
			productType = "com.apple.product-type.bundle.unit-test";
		};
		B1F29F41211BB00D00D90AB8 /* PickerUITests */ = {
			isa = PBXNativeTarget;
			buildConfigurationList = B1F29F51211BB00D00D90AB8 /* Build configuration list for PBXNativeTarget "PickerUITests" */;
			buildPhases = (
				B1F29F3E211BB00D00D90AB8 /* Sources */,
				B1F29F3F211BB00D00D90AB8 /* Frameworks */,
				B1F29F40211BB00D00D90AB8 /* Resources */,
			);
			buildRules = (
			);
			dependencies = (
				B1F29F44211BB00D00D90AB8 /* PBXTargetDependency */,
			);
			name = PickerUITests;
			productName = PickerUITests;
			productReference = B1F29F42211BB00D00D90AB8 /* PickerUITests.xctest */;
			productType = "com.apple.product-type.bundle.ui-testing";
		};
/* End PBXNativeTarget section */

/* Begin PBXProject section */
		B1F29F1B211BB00D00D90AB8 /* Project object */ = {
			isa = PBXProject;
			attributes = {
				LastSwiftUpdateCheck = 0920;
				LastUpgradeCheck = 0920;
				ORGANIZATIONNAME = "KAUSHIKESWAR REDDY PALLE VENKATA";
				TargetAttributes = {
					B1F29F22211BB00D00D90AB8 = {
						CreatedOnToolsVersion = 9.2;
						ProvisioningStyle = Automatic;
					};
					B1F29F36211BB00D00D90AB8 = {
						CreatedOnToolsVersion = 9.2;
						ProvisioningStyle = Automatic;
						TestTargetID = B1F29F22211BB00D00D90AB8;
					};
					B1F29F41211BB00D00D90AB8 = {
						CreatedOnToolsVersion = 9.2;
						ProvisioningStyle = Automatic;
						TestTargetID = B1F29F22211BB00D00D90AB8;
					};
				};
			};
			buildConfigurationList = B1F29F1E211BB00D00D90AB8 /* Build configuration list for PBXProject "Picker" */;
			compatibilityVersion = "Xcode 8.0";
			developmentRegion = en;
			hasScannedForEncodings = 0;
			knownRegions = (
				en,
				Base,
			);
			mainGroup = B1F29F1A211BB00D00D90AB8;
			productRefGroup = B1F29F24211BB00D00D90AB8 /* Products */;
			projectDirPath = "";
			projectRoot = "";
			targets = (
				B1F29F22211BB00D00D90AB8 /* Picker */,
				B1F29F36211BB00D00D90AB8 /* PickerTests */,
				B1F29F41211BB00D00D90AB8 /* PickerUITests */,
			);
		};
/* End PBXProject section */

/* Begin PBXResourcesBuildPhase section */
		B1F29F21211BB00D00D90AB8 /* Resources */ = {
			isa = PBXResourcesBuildPhase;
			buildActionMask = 2147483647;
			files = (
				B1F29F2E211BB00D00D90AB8 /* Assets.xcassets in Resources */,
			);
			runOnlyForDeploymentPostprocessing = 0;
		};
		B1F29F35211BB00D00D90AB8 /* Resources */ = {
			isa = PBXResourcesBuildPhase;
			buildActionMask = 2147483647;
			files = (
			);
			runOnlyForDeploymentPostprocessing = 0;
		};
		B1F29F40211BB00D00D90AB8 /* Resources */ = {
			isa = PBXResourcesBuildPhase;
			buildActionMask = 2147483647;
			files = (
			);
			runOnlyForDeploymentPostprocessing = 0;
		};
/* End PBXResourcesBuildPhase section */

/* Begin PBXSourcesBuildPhase section */
		B1F29F1F211BB00D00D90AB8 /* Sources */ = {
			isa = PBXSourcesBuildPhase;
			buildActionMask = 2147483647;
			files = (
				B1D5A270211BB4EB007EA291 /* SongListTableViewCell.swift in Sources */,
				B186574E211BD1450042C917 /* SongDetail.swift in Sources */,
				B1F29F29211BB00D00D90AB8 /* SongsListViewController.swift in Sources */,
				B1E4CBF2211BEB69000CBBE5 /* Styles.swift in Sources */,
				B1F29F27211BB00D00D90AB8 /* AppDelegate.swift in Sources */,
				B1865750211BD2720042C917 /* SongsManager.swift in Sources */,
				B1E4CBF8211CA17D000CBBE5 /* Extensions.swift in Sources */,
			);
			runOnlyForDeploymentPostprocessing = 0;
		};
		B1F29F33211BB00D00D90AB8 /* Sources */ = {
			isa = PBXSourcesBuildPhase;
			buildActionMask = 2147483647;
			files = (
				B1F29F3C211BB00D00D90AB8 /* PickerTests.swift in Sources */,
			);
			runOnlyForDeploymentPostprocessing = 0;
		};
		B1F29F3E211BB00D00D90AB8 /* Sources */ = {
			isa = PBXSourcesBuildPhase;
			buildActionMask = 2147483647;
			files = (
				B1F29F47211BB00D00D90AB8 /* PickerUITests.swift in Sources */,
			);
			runOnlyForDeploymentPostprocessing = 0;
		};
/* End PBXSourcesBuildPhase section */

/* Begin PBXTargetDependency section */
		B1F29F39211BB00D00D90AB8 /* PBXTargetDependency */ = {
			isa = PBXTargetDependency;
			target = B1F29F22211BB00D00D90AB8 /* Picker */;
			targetProxy = B1F29F38211BB00D00D90AB8 /* PBXContainerItemProxy */;
		};
		B1F29F44211BB00D00D90AB8 /* PBXTargetDependency */ = {
			isa = PBXTargetDependency;
			target = B1F29F22211BB00D00D90AB8 /* Picker */;
			targetProxy = B1F29F43211BB00D00D90AB8 /* PBXContainerItemProxy */;
		};
/* End PBXTargetDependency section */

/* Begin XCBuildConfiguration section */
		B1F29F49211BB00D00D90AB8 /* Debug */ = {
			isa = XCBuildConfiguration;
			buildSettings = {
				ALWAYS_SEARCH_USER_PATHS = NO;
				CLANG_ANALYZER_NONNULL = YES;
				CLANG_ANALYZER_NUMBER_OBJECT_CONVERSION = YES_AGGRESSIVE;
				CLANG_CXX_LANGUAGE_STANDARD = "gnu++14";
				CLANG_CXX_LIBRARY = "libc++";
				CLANG_ENABLE_MODULES = YES;
				CLANG_ENABLE_OBJC_ARC = YES;
				CLANG_WARN_BLOCK_CAPTURE_AUTORELEASING = YES;
				CLANG_WARN_BOOL_CONVERSION = YES;
				CLANG_WARN_COMMA = YES;
				CLANG_WARN_CONSTANT_CONVERSION = YES;
				CLANG_WARN_DIRECT_OBJC_ISA_USAGE = YES_ERROR;
				CLANG_WARN_DOCUMENTATION_COMMENTS = YES;
				CLANG_WARN_EMPTY_BODY = YES;
				CLANG_WARN_ENUM_CONVERSION = YES;
				CLANG_WARN_INFINITE_RECURSION = YES;
				CLANG_WARN_INT_CONVERSION = YES;
				CLANG_WARN_NON_LITERAL_NULL_CONVERSION = YES;
				CLANG_WARN_OBJC_LITERAL_CONVERSION = YES;
				CLANG_WARN_OBJC_ROOT_CLASS = YES_ERROR;
				CLANG_WARN_RANGE_LOOP_ANALYSIS = YES;
				CLANG_WARN_STRICT_PROTOTYPES = YES;
				CLANG_WARN_SUSPICIOUS_MOVE = YES;
				CLANG_WARN_UNGUARDED_AVAILABILITY = YES_AGGRESSIVE;
				CLANG_WARN_UNREACHABLE_CODE = YES;
				CLANG_WARN__DUPLICATE_METHOD_MATCH = YES;
				CODE_SIGN_IDENTITY = "iPhone Developer";
				COPY_PHASE_STRIP = NO;
				DEBUG_INFORMATION_FORMAT = dwarf;
				ENABLE_STRICT_OBJC_MSGSEND = YES;
				ENABLE_TESTABILITY = YES;
				GCC_C_LANGUAGE_STANDARD = gnu11;
				GCC_DYNAMIC_NO_PIC = NO;
				GCC_NO_COMMON_BLOCKS = YES;
				GCC_OPTIMIZATION_LEVEL = 0;
				GCC_PREPROCESSOR_DEFINITIONS = (
					"DEBUG=1",
					"$(inherited)",
				);
				GCC_WARN_64_TO_32_BIT_CONVERSION = YES;
				GCC_WARN_ABOUT_RETURN_TYPE = YES_ERROR;
				GCC_WARN_UNDECLARED_SELECTOR = YES;
				GCC_WARN_UNINITIALIZED_AUTOS = YES_AGGRESSIVE;
				GCC_WARN_UNUSED_FUNCTION = YES;
				GCC_WARN_UNUSED_VARIABLE = YES;
				IPHONEOS_DEPLOYMENT_TARGET = 11.2;
				MTL_ENABLE_DEBUG_INFO = YES;
				ONLY_ACTIVE_ARCH = YES;
				SDKROOT = iphoneos;
				SWIFT_ACTIVE_COMPILATION_CONDITIONS = DEBUG;
				SWIFT_OPTIMIZATION_LEVEL = "-Onone";
			};
			name = Debug;
		};
		B1F29F4A211BB00D00D90AB8 /* Release */ = {
			isa = XCBuildConfiguration;
			buildSettings = {
				ALWAYS_SEARCH_USER_PATHS = NO;
				CLANG_ANALYZER_NONNULL = YES;
				CLANG_ANALYZER_NUMBER_OBJECT_CONVERSION = YES_AGGRESSIVE;
				CLANG_CXX_LANGUAGE_STANDARD = "gnu++14";
				CLANG_CXX_LIBRARY = "libc++";
				CLANG_ENABLE_MODULES = YES;
				CLANG_ENABLE_OBJC_ARC = YES;
				CLANG_WARN_BLOCK_CAPTURE_AUTORELEASING = YES;
				CLANG_WARN_BOOL_CONVERSION = YES;
				CLANG_WARN_COMMA = YES;
				CLANG_WARN_CONSTANT_CONVERSION = YES;
				CLANG_WARN_DIRECT_OBJC_ISA_USAGE = YES_ERROR;
				CLANG_WARN_DOCUMENTATION_COMMENTS = YES;
				CLANG_WARN_EMPTY_BODY = YES;
				CLANG_WARN_ENUM_CONVERSION = YES;
				CLANG_WARN_INFINITE_RECURSION = YES;
				CLANG_WARN_INT_CONVERSION = YES;
				CLANG_WARN_NON_LITERAL_NULL_CONVERSION = YES;
				CLANG_WARN_OBJC_LITERAL_CONVERSION = YES;
				CLANG_WARN_OBJC_ROOT_CLASS = YES_ERROR;
				CLANG_WARN_RANGE_LOOP_ANALYSIS = YES;
				CLANG_WARN_STRICT_PROTOTYPES = YES;
				CLANG_WARN_SUSPICIOUS_MOVE = YES;
				CLANG_WARN_UNGUARDED_AVAILABILITY = YES_AGGRESSIVE;
				CLANG_WARN_UNREACHABLE_CODE = YES;
				CLANG_WARN__DUPLICATE_METHOD_MATCH = YES;
				CODE_SIGN_IDENTITY = "iPhone Developer";
				COPY_PHASE_STRIP = NO;
				DEBUG_INFORMATION_FORMAT = "dwarf-with-dsym";
				ENABLE_NS_ASSERTIONS = NO;
				ENABLE_STRICT_OBJC_MSGSEND = YES;
				GCC_C_LANGUAGE_STANDARD = gnu11;
				GCC_NO_COMMON_BLOCKS = YES;
				GCC_WARN_64_TO_32_BIT_CONVERSION = YES;
				GCC_WARN_ABOUT_RETURN_TYPE = YES_ERROR;
				GCC_WARN_UNDECLARED_SELECTOR = YES;
				GCC_WARN_UNINITIALIZED_AUTOS = YES_AGGRESSIVE;
				GCC_WARN_UNUSED_FUNCTION = YES;
				GCC_WARN_UNUSED_VARIABLE = YES;
				IPHONEOS_DEPLOYMENT_TARGET = 11.2;
				MTL_ENABLE_DEBUG_INFO = NO;
				SDKROOT = iphoneos;
				SWIFT_OPTIMIZATION_LEVEL = "-Owholemodule";
				VALIDATE_PRODUCT = YES;
			};
			name = Release;
		};
		B1F29F4C211BB00D00D90AB8 /* Debug */ = {
			isa = XCBuildConfiguration;
			buildSettings = {
				ASSETCATALOG_COMPILER_APPICON_NAME = AppIcon;
				CODE_SIGN_STYLE = Automatic;
				INFOPLIST_FILE = Picker/Info.plist;
				LD_RUNPATH_SEARCH_PATHS = "$(inherited) @executable_path/Frameworks";
				PRODUCT_BUNDLE_IDENTIFIER = com.myapps.Picker;
				PRODUCT_NAME = "$(TARGET_NAME)";
				SWIFT_VERSION = 4.0;
				TARGETED_DEVICE_FAMILY = "1,2";
			};
			name = Debug;
		};
		B1F29F4D211BB00D00D90AB8 /* Release */ = {
			isa = XCBuildConfiguration;
			buildSettings = {
				ASSETCATALOG_COMPILER_APPICON_NAME = AppIcon;
				CODE_SIGN_STYLE = Automatic;
				INFOPLIST_FILE = Picker/Info.plist;
				LD_RUNPATH_SEARCH_PATHS = "$(inherited) @executable_path/Frameworks";
				PRODUCT_BUNDLE_IDENTIFIER = com.myapps.Picker;
				PRODUCT_NAME = "$(TARGET_NAME)";
				SWIFT_VERSION = 4.0;
				TARGETED_DEVICE_FAMILY = "1,2";
			};
			name = Release;
		};
		B1F29F4F211BB00D00D90AB8 /* Debug */ = {
			isa = XCBuildConfiguration;
			buildSettings = {
				ALWAYS_EMBED_SWIFT_STANDARD_LIBRARIES = YES;
				BUNDLE_LOADER = "$(TEST_HOST)";
				CODE_SIGN_STYLE = Automatic;
				INFOPLIST_FILE = PickerTests/Info.plist;
				LD_RUNPATH_SEARCH_PATHS = "$(inherited) @executable_path/Frameworks @loader_path/Frameworks";
				PRODUCT_BUNDLE_IDENTIFIER = com.myapps.PickerTests;
				PRODUCT_NAME = "$(TARGET_NAME)";
				SWIFT_VERSION = 4.0;
				TARGETED_DEVICE_FAMILY = "1,2";
				TEST_HOST = "$(BUILT_PRODUCTS_DIR)/Picker.app/Picker";
			};
			name = Debug;
		};
		B1F29F50211BB00D00D90AB8 /* Release */ = {
			isa = XCBuildConfiguration;
			buildSettings = {
				ALWAYS_EMBED_SWIFT_STANDARD_LIBRARIES = YES;
				BUNDLE_LOADER = "$(TEST_HOST)";
				CODE_SIGN_STYLE = Automatic;
				INFOPLIST_FILE = PickerTests/Info.plist;
				LD_RUNPATH_SEARCH_PATHS = "$(inherited) @executable_path/Frameworks @loader_path/Frameworks";
				PRODUCT_BUNDLE_IDENTIFIER = com.myapps.PickerTests;
				PRODUCT_NAME = "$(TARGET_NAME)";
				SWIFT_VERSION = 4.0;
				TARGETED_DEVICE_FAMILY = "1,2";
				TEST_HOST = "$(BUILT_PRODUCTS_DIR)/Picker.app/Picker";
			};
			name = Release;
		};
		B1F29F52211BB00D00D90AB8 /* Debug */ = {
			isa = XCBuildConfiguration;
			buildSettings = {
				ALWAYS_EMBED_SWIFT_STANDARD_LIBRARIES = YES;
				CODE_SIGN_STYLE = Automatic;
				INFOPLIST_FILE = PickerUITests/Info.plist;
				LD_RUNPATH_SEARCH_PATHS = "$(inherited) @executable_path/Frameworks @loader_path/Frameworks";
				PRODUCT_BUNDLE_IDENTIFIER = com.myapps.PickerUITests;
				PRODUCT_NAME = "$(TARGET_NAME)";
				SWIFT_VERSION = 4.0;
				TARGETED_DEVICE_FAMILY = "1,2";
				TEST_TARGET_NAME = Picker;
			};
			name = Debug;
		};
		B1F29F53211BB00D00D90AB8 /* Release */ = {
			isa = XCBuildConfiguration;
			buildSettings = {
				ALWAYS_EMBED_SWIFT_STANDARD_LIBRARIES = YES;
				CODE_SIGN_STYLE = Automatic;
				INFOPLIST_FILE = PickerUITests/Info.plist;
				LD_RUNPATH_SEARCH_PATHS = "$(inherited) @executable_path/Frameworks @loader_path/Frameworks";
				PRODUCT_BUNDLE_IDENTIFIER = com.myapps.PickerUITests;
				PRODUCT_NAME = "$(TARGET_NAME)";
				SWIFT_VERSION = 4.0;
				TARGETED_DEVICE_FAMILY = "1,2";
				TEST_TARGET_NAME = Picker;
			};
			name = Release;
		};
/* End XCBuildConfiguration section */

/* Begin XCConfigurationList section */
		B1F29F1E211BB00D00D90AB8 /* Build configuration list for PBXProject "Picker" */ = {
			isa = XCConfigurationList;
			buildConfigurations = (
				B1F29F49211BB00D00D90AB8 /* Debug */,
				B1F29F4A211BB00D00D90AB8 /* Release */,
			);
			defaultConfigurationIsVisible = 0;
			defaultConfigurationName = Release;
		};
		B1F29F4B211BB00D00D90AB8 /* Build configuration list for PBXNativeTarget "Picker" */ = {
			isa = XCConfigurationList;
			buildConfigurations = (
				B1F29F4C211BB00D00D90AB8 /* Debug */,
				B1F29F4D211BB00D00D90AB8 /* Release */,
			);
			defaultConfigurationIsVisible = 0;
			defaultConfigurationName = Release;
		};
		B1F29F4E211BB00D00D90AB8 /* Build configuration list for PBXNativeTarget "PickerTests" */ = {
			isa = XCConfigurationList;
			buildConfigurations = (
				B1F29F4F211BB00D00D90AB8 /* Debug */,
				B1F29F50211BB00D00D90AB8 /* Release */,
			);
			defaultConfigurationIsVisible = 0;
			defaultConfigurationName = Release;
		};
		B1F29F51211BB00D00D90AB8 /* Build configuration list for PBXNativeTarget "PickerUITests" */ = {
			isa = XCConfigurationList;
			buildConfigurations = (
				B1F29F52211BB00D00D90AB8 /* Debug */,
				B1F29F53211BB00D00D90AB8 /* Release */,
			);
			defaultConfigurationIsVisible = 0;
			defaultConfigurationName = Release;
		};
/* End XCConfigurationList section */
	};
	rootObject = B1F29F1B211BB00D00D90AB8 /* Project object */;
}
